lockfileVersion: '9.0'

settings:
  autoInstallPeers: false
  excludeLinksFromLockfile: false

pnpmfileChecksum: fm2bgttvmfglngapbjspr7zf2u

importers:

  .: {}

  ../../packages/pkg-c:
    dependencies:
      pkg-d:
        specifier: workspace:*
        version: link:../pkg-d

  ../../packages/pkg-d: {}
