lockfileVersion: '9.0'

settings:
  autoInstallPeers: true
  excludeLinksFromLockfile: false

importers:

  .:
    devDependencies:
      pnpm:
        specifier: ^7.0.0
        version: 7.33.7

  packages/pkg-a:
    dependencies:
      pkg-b:
        specifier: workspace:*
        version: link:../pkg-b

  packages/pkg-b: {}

packages:

  pnpm@7.33.7:
    resolution: {integrity: sha512-ev4kEGQrOcaY30baTOXHIxpczjYGmNafjPj0IlfUCz5D8jEFOwe43oSf1P+/SnH/V7g1E3d3o1I4jz09p0cgDg==}
    engines: {node: '>=14.6'}
    hasBin: true

snapshots:

  pnpm@7.33.7: {}
